
Microsoft Visual Studio Solution File, Format Version 12.00
# Visual Studio 15
VisualStudioVersion = 15.0.26430.16
MinimumVisualStudioVersion = 10.0.40219.1
Project("{8BC9CEB8-8B4A-11D0-8D11-00A0C91BC942}") = "HelloWorld", "HelloWorld\HelloWorld.vcxproj", "{4F7DE092-0480-4C58-BDA7-F108EF181AF1}"
EndProject
Project("{8BC9CEB8-8B4A-11D0-8D11-00A0C91BC942}") = "Types", "Types\Types.vcxproj", "{4E75EDA9-78B1-4880-8452-0D70BFE13F36}"
EndProject
Project("{8BC9CEB8-8B4A-11D0-8D11-00A0C91BC942}") = "FlowAndOperators", "FlowAndOperators\FlowAndOperators.vcxproj", "{1EDB3DAC-81A6-41FD-8265-0372369498F6}"
EndProject
Project("{8BC9CEB8-8B4A-11D0-8D11-00A0C91BC942}") = "Functions", "Functions\Functions.vcxproj", "{B1E84117-C93E-48CB-8446-AC4EABF6950D}"
EndProject
Global
	GlobalSection(SolutionConfigurationPlatforms) = preSolution
		Debug|x64 = Debug|x64
		Debug|x86 = Debug|x86
		Release|x64 = Release|x64
		Release|x86 = Release|x86
	EndGlobalSection
	GlobalSection(ProjectConfigurationPlatforms) = postSolution
		{4F7DE092-0480-4C58-BDA7-F108EF181AF1}.Debug|x64.ActiveCfg = Debug|x64
		{4F7DE092-0480-4C58-BDA7-F108EF181AF1}.Debug|x64.Build.0 = Debug|x64
		{4F7DE092-0480-4C58-BDA7-F108EF181AF1}.Debug|x86.ActiveCfg = Debug|Win32
		{4F7DE092-0480-4C58-BDA7-F108EF181AF1}.Debug|x86.Build.0 = Debug|Win32
		{4F7DE092-0480-4C58-BDA7-F108EF181AF1}.Release|x64.ActiveCfg = Release|x64
		{4F7DE092-0480-4C58-BDA7-F108EF181AF1}.Release|x64.Build.0 = Release|x64
		{4F7DE092-0480-4C58-BDA7-F108EF181AF1}.Release|x86.ActiveCfg = Release|Win32
		{4F7DE092-0480-4C58-BDA7-F108EF181AF1}.Release|x86.Build.0 = Release|Win32
		{4E75EDA9-78B1-4880-8452-0D70BFE13F36}.Debug|x64.ActiveCfg = Debug|x64
		{4E75EDA9-78B1-4880-8452-0D70BFE13F36}.Debug|x64.Build.0 = Debug|x64
		{4E75EDA9-78B1-4880-8452-0D70BFE13F36}.Debug|x86.ActiveCfg = Debug|Win32
		{4E75EDA9-78B1-4880-8452-0D70BFE13F36}.Debug|x86.Build.0 = Debug|Win32
		{4E75EDA9-78B1-4880-8452-0D70BFE13F36}.Release|x64.ActiveCfg = Release|x64
		{4E75EDA9-78B1-4880-8452-0D70BFE13F36}.Release|x64.Build.0 = Release|x64
		{4E75EDA9-78B1-4880-8452-0D70BFE13F36}.Release|x86.ActiveCfg = Release|Win32
		{4E75EDA9-78B1-4880-8452-0D70BFE13F36}.Release|x86.Build.0 = Release|Win32
		{1EDB3DAC-81A6-41FD-8265-0372369498F6}.Debug|x64.ActiveCfg = Debug|x64
		{1EDB3DAC-81A6-41FD-8265-0372369498F6}.Debug|x64.Build.0 = Debug|x64
		{1EDB3DAC-81A6-41FD-8265-0372369498F6}.Debug|x86.ActiveCfg = Debug|Win32
		{1EDB3DAC-81A6-41FD-8265-0372369498F6}.Debug|x86.Build.0 = Debug|Win32
		{1EDB3DAC-81A6-41FD-8265-0372369498F6}.Release|x64.ActiveCfg = Release|x64
		{1EDB3DAC-81A6-41FD-8265-0372369498F6}.Release|x64.Build.0 = Release|x64
		{1EDB3DAC-81A6-41FD-8265-0372369498F6}.Release|x86.ActiveCfg = Release|Win32
		{1EDB3DAC-81A6-41FD-8265-0372369498F6}.Release|x86.Build.0 = Release|Win32
		{B1E84117-C93E-48CB-8446-AC4EABF6950D}.Debug|x64.ActiveCfg = Debug|x64
		{B1E84117-C93E-48CB-8446-AC4EABF6950D}.Debug|x64.Build.0 = Debug|x64
		{B1E84117-C93E-48CB-8446-AC4EABF6950D}.Debug|x86.ActiveCfg = Debug|Win32
		{B1E84117-C93E-48CB-8446-AC4EABF6950D}.Debug|x86.Build.0 = Debug|Win32
		{B1E84117-C93E-48CB-8446-AC4EABF6950D}.Release|x64.ActiveCfg = Release|x64
		{B1E84117-C93E-48CB-8446-AC4EABF6950D}.Release|x64.Build.0 = Release|x64
		{B1E84117-C93E-48CB-8446-AC4EABF6950D}.Release|x86.ActiveCfg = Release|Win32
		{B1E84117-C93E-48CB-8446-AC4EABF6950D}.Release|x86.Build.0 = Release|Win32
	EndGlobalSection
	GlobalSection(SolutionProperties) = preSolution
		HideSolutionNode = FALSE
	EndGlobalSection
EndGlobal
