
Microsoft Visual Studio Solution File, Format Version 12.00
# Visual Studio 15
VisualStudioVersion = 15.0.26730.8
MinimumVisualStudioVersion = 10.0.40219.1
Project("{8BC9CEB8-8B4A-11D0-8D11-00A0C91BC942}") = "HelloWorld", "HelloWorld\HelloWorld.vcxproj", "{4F7DE092-0480-4C58-BDA7-F108EF181AF1}"
EndProject
Project("{8BC9CEB8-8B4A-11D0-8D11-00A0C91BC942}") = "Types", "Types\Types.vcxproj", "{4E75EDA9-78B1-4880-8452-0D70BFE13F36}"
EndProject
Project("{8BC9CEB8-8B4A-11D0-8D11-00A0C91BC942}") = "FlowAndOperators", "FlowAndOperators\FlowAndOperators.vcxproj", "{1EDB3DAC-81A6-41FD-8265-0372369498F6}"
EndProject
Project("{8BC9CEB8-8B4A-11D0-8D11-00A0C91BC942}") = "Functions", "Functions\Functions.vcxproj", "{B1E84117-C93E-48CB-8446-AC4EABF6950D}"
EndProject
Project("{8BC9CEB8-8B4A-11D0-8D11-00A0C91BC942}") = "String", "String\String.vcxproj", "{FBFA3238-649C-47E7-9CE6-CE60136B46B5}"
EndProject
Project("{8BC9CEB8-8B4A-11D0-8D11-00A0C91BC942}") = "Objects", "Objects\Objects.vcxproj", "{D5ADB27D-7614-4B1A-A0F6-4EC2D090A348}"
EndProject
Project("{8BC9CEB8-8B4A-11D0-8D11-00A0C91BC942}") = "References", "References\References.vcxproj", "{0EE17B95-9A63-429B-99D6-07DF3A447043}"
EndProject
Project("{8BC9CEB8-8B4A-11D0-8D11-00A0C91BC942}") = "Inheritance", "Inheritance\Inheritance.vcxproj", "{29D8A5D7-6300-415D-9DFB-05008BF51F6C}"
EndProject
Project("{8BC9CEB8-8B4A-11D0-8D11-00A0C91BC942}") = "Pointers", "Pointers\Pointers.vcxproj", "{4C906567-2564-44FC-A084-A7898C68AD60}"
EndProject
Project("{8BC9CEB8-8B4A-11D0-8D11-00A0C91BC942}") = "Heap", "Heap\Heap.vcxproj", "{5B6E8286-579A-403F-B4E9-CF01531EFB89}"
EndProject
Global
	GlobalSection(SolutionConfigurationPlatforms) = preSolution
		Debug|x64 = Debug|x64
		Debug|x86 = Debug|x86
		Release|x64 = Release|x64
		Release|x86 = Release|x86
	EndGlobalSection
	GlobalSection(ProjectConfigurationPlatforms) = postSolution
		{4F7DE092-0480-4C58-BDA7-F108EF181AF1}.Debug|x64.ActiveCfg = Debug|x64
		{4F7DE092-0480-4C58-BDA7-F108EF181AF1}.Debug|x64.Build.0 = Debug|x64
		{4F7DE092-0480-4C58-BDA7-F108EF181AF1}.Debug|x86.ActiveCfg = Debug|Win32
		{4F7DE092-0480-4C58-BDA7-F108EF181AF1}.Debug|x86.Build.0 = Debug|Win32
		{4F7DE092-0480-4C58-BDA7-F108EF181AF1}.Release|x64.ActiveCfg = Release|x64
		{4F7DE092-0480-4C58-BDA7-F108EF181AF1}.Release|x64.Build.0 = Release|x64
		{4F7DE092-0480-4C58-BDA7-F108EF181AF1}.Release|x86.ActiveCfg = Release|Win32
		{4F7DE092-0480-4C58-BDA7-F108EF181AF1}.Release|x86.Build.0 = Release|Win32
		{4E75EDA9-78B1-4880-8452-0D70BFE13F36}.Debug|x64.ActiveCfg = Debug|x64
		{4E75EDA9-78B1-4880-8452-0D70BFE13F36}.Debug|x64.Build.0 = Debug|x64
		{4E75EDA9-78B1-4880-8452-0D70BFE13F36}.Debug|x86.ActiveCfg = Debug|Win32
		{4E75EDA9-78B1-4880-8452-0D70BFE13F36}.Debug|x86.Build.0 = Debug|Win32
		{4E75EDA9-78B1-4880-8452-0D70BFE13F36}.Release|x64.ActiveCfg = Release|x64
		{4E75EDA9-78B1-4880-8452-0D70BFE13F36}.Release|x64.Build.0 = Release|x64
		{4E75EDA9-78B1-4880-8452-0D70BFE13F36}.Release|x86.ActiveCfg = Release|Win32
		{4E75EDA9-78B1-4880-8452-0D70BFE13F36}.Release|x86.Build.0 = Release|Win32
		{1EDB3DAC-81A6-41FD-8265-0372369498F6}.Debug|x64.ActiveCfg = Debug|x64
		{1EDB3DAC-81A6-41FD-8265-0372369498F6}.Debug|x64.Build.0 = Debug|x64
		{1EDB3DAC-81A6-41FD-8265-0372369498F6}.Debug|x86.ActiveCfg = Debug|Win32
		{1EDB3DAC-81A6-41FD-8265-0372369498F6}.Debug|x86.Build.0 = Debug|Win32
		{1EDB3DAC-81A6-41FD-8265-0372369498F6}.Release|x64.ActiveCfg = Release|x64
		{1EDB3DAC-81A6-41FD-8265-0372369498F6}.Release|x64.Build.0 = Release|x64
		{1EDB3DAC-81A6-41FD-8265-0372369498F6}.Release|x86.ActiveCfg = Release|Win32
		{1EDB3DAC-81A6-41FD-8265-0372369498F6}.Release|x86.Build.0 = Release|Win32
		{B1E84117-C93E-48CB-8446-AC4EABF6950D}.Debug|x64.ActiveCfg = Debug|x64
		{B1E84117-C93E-48CB-8446-AC4EABF6950D}.Debug|x64.Build.0 = Debug|x64
		{B1E84117-C93E-48CB-8446-AC4EABF6950D}.Debug|x86.ActiveCfg = Debug|Win32
		{B1E84117-C93E-48CB-8446-AC4EABF6950D}.Debug|x86.Build.0 = Debug|Win32
		{B1E84117-C93E-48CB-8446-AC4EABF6950D}.Release|x64.ActiveCfg = Release|x64
		{B1E84117-C93E-48CB-8446-AC4EABF6950D}.Release|x64.Build.0 = Release|x64
		{B1E84117-C93E-48CB-8446-AC4EABF6950D}.Release|x86.ActiveCfg = Release|Win32
		{B1E84117-C93E-48CB-8446-AC4EABF6950D}.Release|x86.Build.0 = Release|Win32
		{FBFA3238-649C-47E7-9CE6-CE60136B46B5}.Debug|x64.ActiveCfg = Debug|x64
		{FBFA3238-649C-47E7-9CE6-CE60136B46B5}.Debug|x64.Build.0 = Debug|x64
		{FBFA3238-649C-47E7-9CE6-CE60136B46B5}.Debug|x86.ActiveCfg = Debug|Win32
		{FBFA3238-649C-47E7-9CE6-CE60136B46B5}.Debug|x86.Build.0 = Debug|Win32
		{FBFA3238-649C-47E7-9CE6-CE60136B46B5}.Release|x64.ActiveCfg = Release|x64
		{FBFA3238-649C-47E7-9CE6-CE60136B46B5}.Release|x64.Build.0 = Release|x64
		{FBFA3238-649C-47E7-9CE6-CE60136B46B5}.Release|x86.ActiveCfg = Release|Win32
		{FBFA3238-649C-47E7-9CE6-CE60136B46B5}.Release|x86.Build.0 = Release|Win32
		{D5ADB27D-7614-4B1A-A0F6-4EC2D090A348}.Debug|x64.ActiveCfg = Debug|x64
		{D5ADB27D-7614-4B1A-A0F6-4EC2D090A348}.Debug|x64.Build.0 = Debug|x64
		{D5ADB27D-7614-4B1A-A0F6-4EC2D090A348}.Debug|x86.ActiveCfg = Debug|Win32
		{D5ADB27D-7614-4B1A-A0F6-4EC2D090A348}.Debug|x86.Build.0 = Debug|Win32
		{D5ADB27D-7614-4B1A-A0F6-4EC2D090A348}.Release|x64.ActiveCfg = Release|x64
		{D5ADB27D-7614-4B1A-A0F6-4EC2D090A348}.Release|x64.Build.0 = Release|x64
		{D5ADB27D-7614-4B1A-A0F6-4EC2D090A348}.Release|x86.ActiveCfg = Release|Win32
		{D5ADB27D-7614-4B1A-A0F6-4EC2D090A348}.Release|x86.Build.0 = Release|Win32
		{0EE17B95-9A63-429B-99D6-07DF3A447043}.Debug|x64.ActiveCfg = Debug|x64
		{0EE17B95-9A63-429B-99D6-07DF3A447043}.Debug|x64.Build.0 = Debug|x64
		{0EE17B95-9A63-429B-99D6-07DF3A447043}.Debug|x86.ActiveCfg = Debug|Win32
		{0EE17B95-9A63-429B-99D6-07DF3A447043}.Debug|x86.Build.0 = Debug|Win32
		{0EE17B95-9A63-429B-99D6-07DF3A447043}.Release|x64.ActiveCfg = Release|x64
		{0EE17B95-9A63-429B-99D6-07DF3A447043}.Release|x64.Build.0 = Release|x64
		{0EE17B95-9A63-429B-99D6-07DF3A447043}.Release|x86.ActiveCfg = Release|Win32
		{0EE17B95-9A63-429B-99D6-07DF3A447043}.Release|x86.Build.0 = Release|Win32
		{29D8A5D7-6300-415D-9DFB-05008BF51F6C}.Debug|x64.ActiveCfg = Debug|x64
		{29D8A5D7-6300-415D-9DFB-05008BF51F6C}.Debug|x64.Build.0 = Debug|x64
		{29D8A5D7-6300-415D-9DFB-05008BF51F6C}.Debug|x86.ActiveCfg = Debug|Win32
		{29D8A5D7-6300-415D-9DFB-05008BF51F6C}.Debug|x86.Build.0 = Debug|Win32
		{29D8A5D7-6300-415D-9DFB-05008BF51F6C}.Release|x64.ActiveCfg = Release|x64
		{29D8A5D7-6300-415D-9DFB-05008BF51F6C}.Release|x64.Build.0 = Release|x64
		{29D8A5D7-6300-415D-9DFB-05008BF51F6C}.Release|x86.ActiveCfg = Release|Win32
		{29D8A5D7-6300-415D-9DFB-05008BF51F6C}.Release|x86.Build.0 = Release|Win32
		{4C906567-2564-44FC-A084-A7898C68AD60}.Debug|x64.ActiveCfg = Debug|x64
		{4C906567-2564-44FC-A084-A7898C68AD60}.Debug|x64.Build.0 = Debug|x64
		{4C906567-2564-44FC-A084-A7898C68AD60}.Debug|x86.ActiveCfg = Debug|Win32
		{4C906567-2564-44FC-A084-A7898C68AD60}.Debug|x86.Build.0 = Debug|Win32
		{4C906567-2564-44FC-A084-A7898C68AD60}.Release|x64.ActiveCfg = Release|x64
		{4C906567-2564-44FC-A084-A7898C68AD60}.Release|x64.Build.0 = Release|x64
		{4C906567-2564-44FC-A084-A7898C68AD60}.Release|x86.ActiveCfg = Release|Win32
		{4C906567-2564-44FC-A084-A7898C68AD60}.Release|x86.Build.0 = Release|Win32
		{5B6E8286-579A-403F-B4E9-CF01531EFB89}.Debug|x64.ActiveCfg = Debug|x64
		{5B6E8286-579A-403F-B4E9-CF01531EFB89}.Debug|x64.Build.0 = Debug|x64
		{5B6E8286-579A-403F-B4E9-CF01531EFB89}.Debug|x86.ActiveCfg = Debug|Win32
		{5B6E8286-579A-403F-B4E9-CF01531EFB89}.Debug|x86.Build.0 = Debug|Win32
		{5B6E8286-579A-403F-B4E9-CF01531EFB89}.Release|x64.ActiveCfg = Release|x64
		{5B6E8286-579A-403F-B4E9-CF01531EFB89}.Release|x64.Build.0 = Release|x64
		{5B6E8286-579A-403F-B4E9-CF01531EFB89}.Release|x86.ActiveCfg = Release|Win32
		{5B6E8286-579A-403F-B4E9-CF01531EFB89}.Release|x86.Build.0 = Release|Win32
	EndGlobalSection
	GlobalSection(SolutionProperties) = preSolution
		HideSolutionNode = FALSE
	EndGlobalSection
	GlobalSection(ExtensibilityGlobals) = postSolution
		SolutionGuid = {96C97AD7-A785-49DF-9C74-DC1BCACD4794}
	EndGlobalSection
EndGlobal
